
Microsoft Visual Studio Solution File, Format Version 12.00
# Visual Studio Version 17
VisualStudioVersion = 17.11.35312.102
MinimumVisualStudioVersion = 10.0.40219.1
Project("{FAE04EC0-301F-11D3-BF4B-00C04F79EFBC}") = "PALM_2_lab_2", "PALM_2_lab_2\PALM_2_lab_2.csproj", "{C2CA4012-B974-4180-B6CB-7D7247D34718}"
EndProject
Global
	GlobalSection(SolutionConfigurationPlatforms) = preSolution
		Debug|Any CPU = Debug|Any CPU
		Release|Any CPU = Release|Any CPU
	EndGlobalSection
	GlobalSection(ProjectConfigurationPlatforms) = postSolution
		{C2CA4012-B974-4180-B6CB-7D7247D34718}.Debug|Any CPU.ActiveCfg = Debug|Any CPU
		{C2CA4012-B974-4180-B6CB-7D7247D34718}.Debug|Any CPU.Build.0 = Debug|Any CPU
		{C2CA4012-B974-4180-B6CB-7D7247D34718}.Release|Any CPU.ActiveCfg = Release|Any CPU
		{C2CA4012-B974-4180-B6CB-7D7247D34718}.Release|Any CPU.Build.0 = Release|Any CPU
	EndGlobalSection
	GlobalSection(SolutionProperties) = preSolution
		HideSolutionNode = FALSE
	EndGlobalSection
	GlobalSection(ExtensibilityGlobals) = postSolution
		SolutionGuid = {15160DBB-3F74-435B-B30C-E8FEBC6DEA85}
	EndGlobalSection
EndGlobal
